{
  "name": "jony-uniapp",
  "version": "0.0.1",
  "lockfileVersion": 1,
  "requires": true,
  "dependencies": {
    "leancloud-storage": {
      "version": "3.11.1",
      "resolved": "http://registry.npm.taobao.org/leancloud-storage/download/leancloud-storage-3.11.1.tgz",
      "requires": {
        "uuid": "^3.3.2"
      },
      "dependencies": {
        "debug": {
          "version": "http://registry.npm.taobao.org/debug/download/debug-3.2.6.tgz",
          "dependencies": {
            "ms": {
              "version": "http://registry.npm.taobao.org/ms/download/ms-2.1.1.tgz"
            }
          }
        },
        "es6-promise": {
          "version": "http://registry.npm.taobao.org/es6-promise/download/es6-promise-4.2.3.tgz"
        },
        "eventemitter3": {
          "version": "http://registry.npm.taobao.org/eventemitter3/download/eventemitter3-2.0.3.tgz"
        },
        "leancloud-realtime": {
          "version": "http://registry.npm.taobao.org/leancloud-realtime/download/leancloud-realtime-4.2.1.tgz",
          "dependencies": {
            "axios": {
              "version": "http://registry.npm.taobao.org/axios/download/axios-0.18.0.tgz",
              "bundled": true
            },
            "babel-runtime": {
              "version": "http://registry.npm.taobao.org/babel-runtime/download/babel-runtime-6.26.0.tgz",
              "bundled": true
            },
            "base64-arraybuffer": {
              "version": "http://registry.npm.taobao.org/base64-arraybuffer/download/base64-arraybuffer-0.1.5.tgz",
              "bundled": true
            },
            "debug": {
              "version": "http://registry.npm.taobao.org/debug/download/debug-3.2.6.tgz",
              "bundled": true,
              "dependencies": {
                "ms": {
                  "version": "http://registry.npm.taobao.org/ms/download/ms-2.1.1.tgz"
                }
              }
            },
            "eventemitter3": {
              "version": "http://registry.npm.taobao.org/eventemitter3/download/eventemitter3-3.1.0.tgz",
              "bundled": true
            },
            "javascript-state-machine": {
              "version": "http://registry.npm.taobao.org/javascript-state-machine/download/javascript-state-machine-2.4.0.tgz",
              "bundled": true
            },
            "lodash": {
              "version": "http://registry.npm.taobao.org/lodash/download/lodash-4.17.11.tgz",
              "bundled": true
            },
            "protobufjs": {
              "version": "http://registry.npm.taobao.org/protobufjs/download/protobufjs-5.0.3.tgz",
              "bundled": true
            },
            "uuid": {
              "version": "http://registry.npm.taobao.org/uuid/download/uuid-3.3.2.tgz",
              "bundled": true
            },
            "ws": {
              "version": "http://registry.npm.taobao.org/ws/download/ws-5.2.2.tgz",
              "bundled": true
            }
          }
        },
        "leancloud-realtime-plugin-live-query": {
          "version": "http://registry.npm.taobao.org/leancloud-realtime-plugin-live-query/download/leancloud-realtime-plugin-live-query-1.1.2.tgz"
        },
        "localstorage-memory": {
          "version": "http://registry.npm.taobao.org/localstorage-memory/download/localstorage-memory-1.0.3.tgz"
        },
        "md5": {
          "version": "http://registry.npm.taobao.org/md5/download/md5-2.2.1.tgz"
        },
        "superagent": {
          "version": "http://registry.npm.taobao.org/superagent/download/superagent-3.8.3.tgz"
        },
        "underscore": {
          "version": "http://registry.npm.taobao.org/underscore/download/underscore-1.9.1.tgz"
        },
        "uuid": {
          "version": "http://registry.npm.taobao.org/uuid/download/uuid-3.3.2.tgz"
        }
      }
    },
    "lodash": {
      "version": "4.17.11",
      "resolved": "http://registry.npm.taobao.org/lodash/download/lodash-4.17.11.tgz"
    },
    "qs": {
      "version": "6.6.0",
      "resolved": "http://registry.npm.taobao.org/qs/download/qs-6.6.0.tgz"
    },
    "uuid": {
      "version": "3.3.2",
      "resolved": "http://registry.npm.taobao.org/uuid/download/uuid-3.3.2.tgz"
    },
    "vuex": {
      "version": "3.1.0",
      "resolved": "https://registry.npmjs.org/vuex/-/vuex-3.1.0.tgz",
      "integrity": "sha512-mdHeHT/7u4BncpUZMlxNaIdcN/HIt1GsGG5LKByArvYG/v6DvHcOxvDCts+7SRdCoIRGllK8IMZvQtQXLppDYg=="
    }
  }
}
